
Microsoft Visual Studio Solution File, Format Version 12.00
# Visual Studio Version 17
VisualStudioVersion = 17.2.32210.308
MinimumVisualStudioVersion = 10.0.40219.1
Project("{9A19103F-16F7-4668-BE54-9A1E7A4F7556}") = "HttpMocker", "src\HttpMocker\HttpMocker.csproj", "{3E58D226-DBDA-48B1-91A2-D82216F06C55}"
EndProject
Project("{2150E333-8FDC-42A3-9474-1A3956D46DE8}") = "sample", "sample", "{B8C5C291-4769-4DE1-8E11-3055D61F8424}"
EndProject
Project("{9A19103F-16F7-4668-BE54-9A1E7A4F7556}") = "HttpClients", "samples\HttpClients\HttpClients.csproj", "{AF1AF2D5-DAF6-49C8-8FEC-5AED31197EEC}"
EndProject
Project("{2150E333-8FDC-42A3-9474-1A3956D46DE8}") = "test", "test", "{3844F5E1-2A81-4939-A4BF-07FCF58CDDFB}"
EndProject
Project("{9A19103F-16F7-4668-BE54-9A1E7A4F7556}") = "UnitTests", "test\UnitTests\UnitTests.csproj", "{DEECF5E8-73B3-43FA-8770-7380809B582D}"
EndProject
Project("{9A19103F-16F7-4668-BE54-9A1E7A4F7556}") = "GlobalMock", "samples\GlobalMock\GlobalMock.csproj", "{E7E7F007-EBF7-46C3-8855-26BED5F85598}"
EndProject
Project("{9A19103F-16F7-4668-BE54-9A1E7A4F7556}") = "NamedClient", "samples\NamedClient\NamedClient.csproj", "{E882E278-F0B0-4472-9C5E-12BAC95B0403}"
EndProject
Global
	GlobalSection(SolutionConfigurationPlatforms) = preSolution
		Debug|Any CPU = Debug|Any CPU
		Release|Any CPU = Release|Any CPU
	EndGlobalSection
	GlobalSection(ProjectConfigurationPlatforms) = postSolution
		{3E58D226-DBDA-48B1-91A2-D82216F06C55}.Debug|Any CPU.ActiveCfg = Debug|Any CPU
		{3E58D226-DBDA-48B1-91A2-D82216F06C55}.Debug|Any CPU.Build.0 = Debug|Any CPU
		{3E58D226-DBDA-48B1-91A2-D82216F06C55}.Release|Any CPU.ActiveCfg = Release|Any CPU
		{3E58D226-DBDA-48B1-91A2-D82216F06C55}.Release|Any CPU.Build.0 = Release|Any CPU
		{AF1AF2D5-DAF6-49C8-8FEC-5AED31197EEC}.Debug|Any CPU.ActiveCfg = Debug|Any CPU
		{AF1AF2D5-DAF6-49C8-8FEC-5AED31197EEC}.Debug|Any CPU.Build.0 = Debug|Any CPU
		{AF1AF2D5-DAF6-49C8-8FEC-5AED31197EEC}.Release|Any CPU.ActiveCfg = Release|Any CPU
		{AF1AF2D5-DAF6-49C8-8FEC-5AED31197EEC}.Release|Any CPU.Build.0 = Release|Any CPU
		{DEECF5E8-73B3-43FA-8770-7380809B582D}.Debug|Any CPU.ActiveCfg = Debug|Any CPU
		{DEECF5E8-73B3-43FA-8770-7380809B582D}.Debug|Any CPU.Build.0 = Debug|Any CPU
		{DEECF5E8-73B3-43FA-8770-7380809B582D}.Release|Any CPU.ActiveCfg = Release|Any CPU
		{DEECF5E8-73B3-43FA-8770-7380809B582D}.Release|Any CPU.Build.0 = Release|Any CPU
		{E7E7F007-EBF7-46C3-8855-26BED5F85598}.Debug|Any CPU.ActiveCfg = Debug|Any CPU
		{E7E7F007-EBF7-46C3-8855-26BED5F85598}.Debug|Any CPU.Build.0 = Debug|Any CPU
		{E7E7F007-EBF7-46C3-8855-26BED5F85598}.Release|Any CPU.ActiveCfg = Release|Any CPU
		{E7E7F007-EBF7-46C3-8855-26BED5F85598}.Release|Any CPU.Build.0 = Release|Any CPU
		{E882E278-F0B0-4472-9C5E-12BAC95B0403}.Debug|Any CPU.ActiveCfg = Debug|Any CPU
		{E882E278-F0B0-4472-9C5E-12BAC95B0403}.Debug|Any CPU.Build.0 = Debug|Any CPU
		{E882E278-F0B0-4472-9C5E-12BAC95B0403}.Release|Any CPU.ActiveCfg = Release|Any CPU
		{E882E278-F0B0-4472-9C5E-12BAC95B0403}.Release|Any CPU.Build.0 = Release|Any CPU
	EndGlobalSection
	GlobalSection(SolutionProperties) = preSolution
		HideSolutionNode = FALSE
	EndGlobalSection
	GlobalSection(NestedProjects) = preSolution
		{AF1AF2D5-DAF6-49C8-8FEC-5AED31197EEC} = {B8C5C291-4769-4DE1-8E11-3055D61F8424}
		{DEECF5E8-73B3-43FA-8770-7380809B582D} = {3844F5E1-2A81-4939-A4BF-07FCF58CDDFB}
		{E7E7F007-EBF7-46C3-8855-26BED5F85598} = {B8C5C291-4769-4DE1-8E11-3055D61F8424}
		{E882E278-F0B0-4472-9C5E-12BAC95B0403} = {B8C5C291-4769-4DE1-8E11-3055D61F8424}
	EndGlobalSection
	GlobalSection(ExtensibilityGlobals) = postSolution
		SolutionGuid = {6FD49D3B-8ABE-4619-A1D6-90945F786891}
	EndGlobalSection
EndGlobal
